{"1.2.0",
[{<<"ex_rlp">>,{pkg,<<"ex_rlp">>,<<"0.6.0">>},0},
 {<<"fs">>,{pkg,<<"fs">>,<<"6.1.1">>},1},
 {<<"libsecp256k1">>,{pkg,<<"libsecp256k1_nash_fork">>,<<"0.1.15">>},0},
 {<<"sync">>,{pkg,<<"sync">>,<<"0.4.1">>},0}]}.
[
{pkg_hash,[
 {<<"ex_rlp">>, <<"985391D2356A7CB8712A4A9A2DEB93F19F2FBCA0323F5C1203FCAF64D077E31E">>},
 {<<"fs">>, <<"9D147B944D60CFA48A349F12D06C8EE71128F610C90870BDF9A6773206452ED0">>},
 {<<"libsecp256k1">>, <<"F6D7A3D29E3AA98B4AF809511EB1A09FB75DCF4A88C09EACD1C7451177FD8C2C">>},
 {<<"sync">>, <<"537C9A217015D95632C2F4D14D07FFE3ACAE4E8981CDFC1EF59F328EC004C6A2">>}]},
{pkg_hash_ext,[
 {<<"ex_rlp">>, <<"7135DB93B861D9E76821039B60B00A6A22D2C4E751BF8C444BFFE7A042F1ABAF">>},
 {<<"fs">>, <<"EF94E95FFE79916860649FED80AC62B04C322B0BB70F5128144C026B4D171F8B">>},
 {<<"libsecp256k1">>, <<"2CC775864672D164D9ABC410696F8E39576FA392C0CA48611E0F69EB9A9D7396">>},
 {<<"sync">>, <<"C05941E29B6CAF9FE9FCAB043A90F438D0BD0F479AB4F5E129F2F0719C304648">>}]}
].
